
Microsoft Visual Studio Solution File, Format Version 12.00
# Visual Studio Version 17
VisualStudioVersion = 17.13.35828.75 d17.13
MinimumVisualStudioVersion = 10.0.40219.1
Project("{FAE04EC0-301F-11D3-BF4B-00C04F79EFBC}") = "ConsoleApp1", "ConsoleApp1\ConsoleApp1.csproj", "{3727E698-EF95-4BC3-82C8-8C2EC2E8BA2D}"
EndProject
Global
	GlobalSection(SolutionConfigurationPlatforms) = preSolution
		Debug|Any CPU = Debug|Any CPU
		Release|Any CPU = Release|Any CPU
	EndGlobalSection
	GlobalSection(ProjectConfigurationPlatforms) = postSolution
		{3727E698-EF95-4BC3-82C8-8C2EC2E8BA2D}.Debug|Any CPU.ActiveCfg = Debug|Any CPU
		{3727E698-EF95-4BC3-82C8-8C2EC2E8BA2D}.Debug|Any CPU.Build.0 = Debug|Any CPU
		{3727E698-EF95-4BC3-82C8-8C2EC2E8BA2D}.Release|Any CPU.ActiveCfg = Release|Any CPU
		{3727E698-EF95-4BC3-82C8-8C2EC2E8BA2D}.Release|Any CPU.Build.0 = Release|Any CPU
	EndGlobalSection
	GlobalSection(SolutionProperties) = preSolution
		HideSolutionNode = FALSE
	EndGlobalSection
	GlobalSection(ExtensibilityGlobals) = postSolution
		SolutionGuid = {BB51D6CA-54F5-4033-9319-D59AB6AC8CA0}
	EndGlobalSection
EndGlobal
