
Microsoft Visual Studio Solution File, Format Version 12.00
# Visual Studio Version 17
VisualStudioVersion = 17.12.35707.178 d17.12
MinimumVisualStudioVersion = 10.0.40219.1
Project("{FAE04EC0-301F-11D3-BF4B-00C04F79EFBC}") = "01DayOfWeek", "01DayOfWeek\01DayOfWeek.csproj", "{2F21EA43-346A-46B7-86A4-62ECC2055552}"
EndProject
Project("{FAE04EC0-301F-11D3-BF4B-00C04F79EFBC}") = "02SumAnArray", "02SumAnArray\02SumAnArray.csproj", "{03D98410-A20D-4E48-87B7-8D8A65DF7BD1}"
EndProject
Project("{FAE04EC0-301F-11D3-BF4B-00C04F79EFBC}") = "03ReverseAnArray", "03ReverseAnArray\03ReverseAnArray.csproj", "{FAEA8859-2EDB-41B0-8603-6B065C5A2BA6}"
EndProject
Project("{FAE04EC0-301F-11D3-BF4B-00C04F79EFBC}") = "04EvenAndOddSubtraction", "04EvenAndOddSubtraction\04EvenAndOddSubtraction.csproj", "{C8E8D981-7060-4CFD-83C1-75C373B259EB}"
EndProject
Global
	GlobalSection(SolutionConfigurationPlatforms) = preSolution
		Debug|Any CPU = Debug|Any CPU
		Release|Any CPU = Release|Any CPU
	EndGlobalSection
	GlobalSection(ProjectConfigurationPlatforms) = postSolution
		{2F21EA43-346A-46B7-86A4-62ECC2055552}.Debug|Any CPU.ActiveCfg = Debug|Any CPU
		{2F21EA43-346A-46B7-86A4-62ECC2055552}.Debug|Any CPU.Build.0 = Debug|Any CPU
		{2F21EA43-346A-46B7-86A4-62ECC2055552}.Release|Any CPU.ActiveCfg = Release|Any CPU
		{2F21EA43-346A-46B7-86A4-62ECC2055552}.Release|Any CPU.Build.0 = Release|Any CPU
		{03D98410-A20D-4E48-87B7-8D8A65DF7BD1}.Debug|Any CPU.ActiveCfg = Debug|Any CPU
		{03D98410-A20D-4E48-87B7-8D8A65DF7BD1}.Debug|Any CPU.Build.0 = Debug|Any CPU
		{03D98410-A20D-4E48-87B7-8D8A65DF7BD1}.Release|Any CPU.ActiveCfg = Release|Any CPU
		{03D98410-A20D-4E48-87B7-8D8A65DF7BD1}.Release|Any CPU.Build.0 = Release|Any CPU
		{FAEA8859-2EDB-41B0-8603-6B065C5A2BA6}.Debug|Any CPU.ActiveCfg = Debug|Any CPU
		{FAEA8859-2EDB-41B0-8603-6B065C5A2BA6}.Debug|Any CPU.Build.0 = Debug|Any CPU
		{FAEA8859-2EDB-41B0-8603-6B065C5A2BA6}.Release|Any CPU.ActiveCfg = Release|Any CPU
		{FAEA8859-2EDB-41B0-8603-6B065C5A2BA6}.Release|Any CPU.Build.0 = Release|Any CPU
		{C8E8D981-7060-4CFD-83C1-75C373B259EB}.Debug|Any CPU.ActiveCfg = Debug|Any CPU
		{C8E8D981-7060-4CFD-83C1-75C373B259EB}.Debug|Any CPU.Build.0 = Debug|Any CPU
		{C8E8D981-7060-4CFD-83C1-75C373B259EB}.Release|Any CPU.ActiveCfg = Release|Any CPU
		{C8E8D981-7060-4CFD-83C1-75C373B259EB}.Release|Any CPU.Build.0 = Release|Any CPU
	EndGlobalSection
	GlobalSection(SolutionProperties) = preSolution
		HideSolutionNode = FALSE
	EndGlobalSection
EndGlobal
