
Microsoft Visual Studio Solution File, Format Version 12.00
# Visual Studio Version 17
VisualStudioVersion = 17.12.35728.132 d17.12
MinimumVisualStudioVersion = 10.0.40219.1
Project("{FAE04EC0-301F-11D3-BF4B-00C04F79EFBC}") = "01MagicNumbers", "01MagicNumbers\01MagicNumbers.csproj", "{5E19E038-3FE4-4558-A6BD-F316CFB5FAEC}"
EndProject
Project("{FAE04EC0-301F-11D3-BF4B-00C04F79EFBC}") = "02MinMaxValues", "02MinMaxValues\02MinMaxValues.csproj", "{D1931313-F2FF-4C35-AD02-4928A94BC85E}"
EndProject
Global
	GlobalSection(SolutionConfigurationPlatforms) = preSolution
		Debug|Any CPU = Debug|Any CPU
		Release|Any CPU = Release|Any CPU
	EndGlobalSection
	GlobalSection(ProjectConfigurationPlatforms) = postSolution
		{5E19E038-3FE4-4558-A6BD-F316CFB5FAEC}.Debug|Any CPU.ActiveCfg = Debug|Any CPU
		{5E19E038-3FE4-4558-A6BD-F316CFB5FAEC}.Debug|Any CPU.Build.0 = Debug|Any CPU
		{5E19E038-3FE4-4558-A6BD-F316CFB5FAEC}.Release|Any CPU.ActiveCfg = Release|Any CPU
		{5E19E038-3FE4-4558-A6BD-F316CFB5FAEC}.Release|Any CPU.Build.0 = Release|Any CPU
		{D1931313-F2FF-4C35-AD02-4928A94BC85E}.Debug|Any CPU.ActiveCfg = Debug|Any CPU
		{D1931313-F2FF-4C35-AD02-4928A94BC85E}.Debug|Any CPU.Build.0 = Debug|Any CPU
		{D1931313-F2FF-4C35-AD02-4928A94BC85E}.Release|Any CPU.ActiveCfg = Release|Any CPU
		{D1931313-F2FF-4C35-AD02-4928A94BC85E}.Release|Any CPU.Build.0 = Release|Any CPU
	EndGlobalSection
	GlobalSection(SolutionProperties) = preSolution
		HideSolutionNode = FALSE
	EndGlobalSection
EndGlobal
